
Microsoft Visual Studio Solution File, Format Version 12.00
# Visual Studio Version 16
VisualStudioVersion = 16.6.30114.105
MinimumVisualStudioVersion = 10.0.40219.1
Project("{2150E333-8FDC-42A3-9474-1A3956D46DE8}") = "src", "src", "{6CB5D7D6-B95B-43C6-88CA-7790F4AEFBA0}"
EndProject
Project("{FAE04EC0-301F-11D3-BF4B-00C04F79EFBC}") = "PhoneBook.Api", "src\PhoneBook.Api\PhoneBook.Api.csproj", "{FC2BCF0A-5B10-4A3F-9EF3-85EC75BF32B3}"
EndProject
Project("{FAE04EC0-301F-11D3-BF4B-00C04F79EFBC}") = "PhoneBook.Api.Repositories", "src\PhoneBook.Api.Repositories\PhoneBook.Api.Repositories.csproj", "{B387F010-9CBF-4CB9-AA8F-BF155FF2ED0E}"
EndProject
Project("{FAE04EC0-301F-11D3-BF4B-00C04F79EFBC}") = "PhoneBook.Api.Services", "src\PhoneBook.Api.Services\PhoneBook.Api.Services.csproj", "{A3493661-8AC0-40DE-899F-673A45581F04}"
EndProject
Project("{FAE04EC0-301F-11D3-BF4B-00C04F79EFBC}") = "PhoneBook.Report.Api", "src\PhoneBook.Report.Api\PhoneBook.Report.Api.csproj", "{1C0D3359-0D56-4066-865E-1F5EC5B7A754}"
EndProject
Project("{FAE04EC0-301F-11D3-BF4B-00C04F79EFBC}") = "PhoneBook.Report.Api.Repositories", "src\PhoneBook.Report.Api.Repositories\PhoneBook.Report.Api.Repositories.csproj", "{351C0711-EF6F-4F59-8A43-FA896BAACD16}"
EndProject
Project("{FAE04EC0-301F-11D3-BF4B-00C04F79EFBC}") = "PhoneBook.Report.Api.Services", "src\PhoneBook.Report.Api.Services\PhoneBook.Report.Api.Services.csproj", "{6A65AA9D-128B-4BA0-B2D2-CBD45DA9A84F}"
EndProject
Project("{2150E333-8FDC-42A3-9474-1A3956D46DE8}") = "tests", "tests", "{2E9AA4FA-76A6-420D-83CD-F884C13F142F}"
EndProject
Project("{FAE04EC0-301F-11D3-BF4B-00C04F79EFBC}") = "PhoneBook.Api.Tests", "tests\PhoneBook.Api.Tests\PhoneBook.Api.Tests.csproj", "{EF2B3BC3-B996-4A1C-93BB-B4473EC65430}"
EndProject
Project("{FAE04EC0-301F-11D3-BF4B-00C04F79EFBC}") = "PhoneBook.Report.Api.Tests", "tests\PhoneBook.Report.Api.Tests\PhoneBook.Report.Api.Tests.csproj", "{7915E2D4-DFC0-4B9A-9B2A-7C751224CA5E}"
EndProject
Project("{FAE04EC0-301F-11D3-BF4B-00C04F79EFBC}") = "PhoneBook.Api.DataContext", "src\PhoneBook.Api.DataContext\PhoneBook.Api.DataContext.csproj", "{EA911B62-4AC2-41EA-B76C-B2BD214F4856}"
EndProject
Project("{FAE04EC0-301F-11D3-BF4B-00C04F79EFBC}") = "PhoneBook.Api.Entities", "src\PhoneBook.Api.Entities\PhoneBook.Api.Entities.csproj", "{B909F62D-A078-497F-86B6-B26A0785E317}"
EndProject
Project("{FAE04EC0-301F-11D3-BF4B-00C04F79EFBC}") = "PhoneBook.Api.Utilities", "src\PhoneBook.Api.Utilities\PhoneBook.Api.Utilities.csproj", "{6B1C7261-491E-4158-955C-1960AC4CA277}"
EndProject
Global
	GlobalSection(SolutionConfigurationPlatforms) = preSolution
		Debug|Any CPU = Debug|Any CPU
		Debug|x64 = Debug|x64
		Debug|x86 = Debug|x86
		Release|Any CPU = Release|Any CPU
		Release|x64 = Release|x64
		Release|x86 = Release|x86
	EndGlobalSection
	GlobalSection(SolutionProperties) = preSolution
		HideSolutionNode = FALSE
	EndGlobalSection
	GlobalSection(ProjectConfigurationPlatforms) = postSolution
		{FC2BCF0A-5B10-4A3F-9EF3-85EC75BF32B3}.Debug|Any CPU.ActiveCfg = Debug|Any CPU
		{FC2BCF0A-5B10-4A3F-9EF3-85EC75BF32B3}.Debug|Any CPU.Build.0 = Debug|Any CPU
		{FC2BCF0A-5B10-4A3F-9EF3-85EC75BF32B3}.Debug|x64.ActiveCfg = Debug|Any CPU
		{FC2BCF0A-5B10-4A3F-9EF3-85EC75BF32B3}.Debug|x64.Build.0 = Debug|Any CPU
		{FC2BCF0A-5B10-4A3F-9EF3-85EC75BF32B3}.Debug|x86.ActiveCfg = Debug|Any CPU
		{FC2BCF0A-5B10-4A3F-9EF3-85EC75BF32B3}.Debug|x86.Build.0 = Debug|Any CPU
		{FC2BCF0A-5B10-4A3F-9EF3-85EC75BF32B3}.Release|Any CPU.ActiveCfg = Release|Any CPU
		{FC2BCF0A-5B10-4A3F-9EF3-85EC75BF32B3}.Release|Any CPU.Build.0 = Release|Any CPU
		{FC2BCF0A-5B10-4A3F-9EF3-85EC75BF32B3}.Release|x64.ActiveCfg = Release|Any CPU
		{FC2BCF0A-5B10-4A3F-9EF3-85EC75BF32B3}.Release|x64.Build.0 = Release|Any CPU
		{FC2BCF0A-5B10-4A3F-9EF3-85EC75BF32B3}.Release|x86.ActiveCfg = Release|Any CPU
		{FC2BCF0A-5B10-4A3F-9EF3-85EC75BF32B3}.Release|x86.Build.0 = Release|Any CPU
		{B387F010-9CBF-4CB9-AA8F-BF155FF2ED0E}.Debug|Any CPU.ActiveCfg = Debug|Any CPU
		{B387F010-9CBF-4CB9-AA8F-BF155FF2ED0E}.Debug|Any CPU.Build.0 = Debug|Any CPU
		{B387F010-9CBF-4CB9-AA8F-BF155FF2ED0E}.Debug|x64.ActiveCfg = Debug|Any CPU
		{B387F010-9CBF-4CB9-AA8F-BF155FF2ED0E}.Debug|x64.Build.0 = Debug|Any CPU
		{B387F010-9CBF-4CB9-AA8F-BF155FF2ED0E}.Debug|x86.ActiveCfg = Debug|Any CPU
		{B387F010-9CBF-4CB9-AA8F-BF155FF2ED0E}.Debug|x86.Build.0 = Debug|Any CPU
		{B387F010-9CBF-4CB9-AA8F-BF155FF2ED0E}.Release|Any CPU.ActiveCfg = Release|Any CPU
		{B387F010-9CBF-4CB9-AA8F-BF155FF2ED0E}.Release|Any CPU.Build.0 = Release|Any CPU
		{B387F010-9CBF-4CB9-AA8F-BF155FF2ED0E}.Release|x64.ActiveCfg = Release|Any CPU
		{B387F010-9CBF-4CB9-AA8F-BF155FF2ED0E}.Release|x64.Build.0 = Release|Any CPU
		{B387F010-9CBF-4CB9-AA8F-BF155FF2ED0E}.Release|x86.ActiveCfg = Release|Any CPU
		{B387F010-9CBF-4CB9-AA8F-BF155FF2ED0E}.Release|x86.Build.0 = Release|Any CPU
		{A3493661-8AC0-40DE-899F-673A45581F04}.Debug|Any CPU.ActiveCfg = Debug|Any CPU
		{A3493661-8AC0-40DE-899F-673A45581F04}.Debug|Any CPU.Build.0 = Debug|Any CPU
		{A3493661-8AC0-40DE-899F-673A45581F04}.Debug|x64.ActiveCfg = Debug|Any CPU
		{A3493661-8AC0-40DE-899F-673A45581F04}.Debug|x64.Build.0 = Debug|Any CPU
		{A3493661-8AC0-40DE-899F-673A45581F04}.Debug|x86.ActiveCfg = Debug|Any CPU
		{A3493661-8AC0-40DE-899F-673A45581F04}.Debug|x86.Build.0 = Debug|Any CPU
		{A3493661-8AC0-40DE-899F-673A45581F04}.Release|Any CPU.ActiveCfg = Release|Any CPU
		{A3493661-8AC0-40DE-899F-673A45581F04}.Release|Any CPU.Build.0 = Release|Any CPU
		{A3493661-8AC0-40DE-899F-673A45581F04}.Release|x64.ActiveCfg = Release|Any CPU
		{A3493661-8AC0-40DE-899F-673A45581F04}.Release|x64.Build.0 = Release|Any CPU
		{A3493661-8AC0-40DE-899F-673A45581F04}.Release|x86.ActiveCfg = Release|Any CPU
		{A3493661-8AC0-40DE-899F-673A45581F04}.Release|x86.Build.0 = Release|Any CPU
		{85974F08-D672-4333-AA84-FA2E59F2AD5B}.Debug|Any CPU.ActiveCfg = Debug|Any CPU
		{85974F08-D672-4333-AA84-FA2E59F2AD5B}.Debug|Any CPU.Build.0 = Debug|Any CPU
		{85974F08-D672-4333-AA84-FA2E59F2AD5B}.Debug|x64.ActiveCfg = Debug|Any CPU
		{85974F08-D672-4333-AA84-FA2E59F2AD5B}.Debug|x64.Build.0 = Debug|Any CPU
		{85974F08-D672-4333-AA84-FA2E59F2AD5B}.Debug|x86.ActiveCfg = Debug|Any CPU
		{85974F08-D672-4333-AA84-FA2E59F2AD5B}.Debug|x86.Build.0 = Debug|Any CPU
		{85974F08-D672-4333-AA84-FA2E59F2AD5B}.Release|Any CPU.ActiveCfg = Release|Any CPU
		{85974F08-D672-4333-AA84-FA2E59F2AD5B}.Release|Any CPU.Build.0 = Release|Any CPU
		{85974F08-D672-4333-AA84-FA2E59F2AD5B}.Release|x64.ActiveCfg = Release|Any CPU
		{85974F08-D672-4333-AA84-FA2E59F2AD5B}.Release|x64.Build.0 = Release|Any CPU
		{85974F08-D672-4333-AA84-FA2E59F2AD5B}.Release|x86.ActiveCfg = Release|Any CPU
		{85974F08-D672-4333-AA84-FA2E59F2AD5B}.Release|x86.Build.0 = Release|Any CPU
		{1C0D3359-0D56-4066-865E-1F5EC5B7A754}.Debug|Any CPU.ActiveCfg = Debug|Any CPU
		{1C0D3359-0D56-4066-865E-1F5EC5B7A754}.Debug|Any CPU.Build.0 = Debug|Any CPU
		{1C0D3359-0D56-4066-865E-1F5EC5B7A754}.Debug|x64.ActiveCfg = Debug|Any CPU
		{1C0D3359-0D56-4066-865E-1F5EC5B7A754}.Debug|x64.Build.0 = Debug|Any CPU
		{1C0D3359-0D56-4066-865E-1F5EC5B7A754}.Debug|x86.ActiveCfg = Debug|Any CPU
		{1C0D3359-0D56-4066-865E-1F5EC5B7A754}.Debug|x86.Build.0 = Debug|Any CPU
		{1C0D3359-0D56-4066-865E-1F5EC5B7A754}.Release|Any CPU.ActiveCfg = Release|Any CPU
		{1C0D3359-0D56-4066-865E-1F5EC5B7A754}.Release|Any CPU.Build.0 = Release|Any CPU
		{1C0D3359-0D56-4066-865E-1F5EC5B7A754}.Release|x64.ActiveCfg = Release|Any CPU
		{1C0D3359-0D56-4066-865E-1F5EC5B7A754}.Release|x64.Build.0 = Release|Any CPU
		{1C0D3359-0D56-4066-865E-1F5EC5B7A754}.Release|x86.ActiveCfg = Release|Any CPU
		{1C0D3359-0D56-4066-865E-1F5EC5B7A754}.Release|x86.Build.0 = Release|Any CPU
		{351C0711-EF6F-4F59-8A43-FA896BAACD16}.Debug|Any CPU.ActiveCfg = Debug|Any CPU
		{351C0711-EF6F-4F59-8A43-FA896BAACD16}.Debug|Any CPU.Build.0 = Debug|Any CPU
		{351C0711-EF6F-4F59-8A43-FA896BAACD16}.Debug|x64.ActiveCfg = Debug|Any CPU
		{351C0711-EF6F-4F59-8A43-FA896BAACD16}.Debug|x64.Build.0 = Debug|Any CPU
		{351C0711-EF6F-4F59-8A43-FA896BAACD16}.Debug|x86.ActiveCfg = Debug|Any CPU
		{351C0711-EF6F-4F59-8A43-FA896BAACD16}.Debug|x86.Build.0 = Debug|Any CPU
		{351C0711-EF6F-4F59-8A43-FA896BAACD16}.Release|Any CPU.ActiveCfg = Release|Any CPU
		{351C0711-EF6F-4F59-8A43-FA896BAACD16}.Release|Any CPU.Build.0 = Release|Any CPU
		{351C0711-EF6F-4F59-8A43-FA896BAACD16}.Release|x64.ActiveCfg = Release|Any CPU
		{351C0711-EF6F-4F59-8A43-FA896BAACD16}.Release|x64.Build.0 = Release|Any CPU
		{351C0711-EF6F-4F59-8A43-FA896BAACD16}.Release|x86.ActiveCfg = Release|Any CPU
		{351C0711-EF6F-4F59-8A43-FA896BAACD16}.Release|x86.Build.0 = Release|Any CPU
		{6A65AA9D-128B-4BA0-B2D2-CBD45DA9A84F}.Debug|Any CPU.ActiveCfg = Debug|Any CPU
		{6A65AA9D-128B-4BA0-B2D2-CBD45DA9A84F}.Debug|Any CPU.Build.0 = Debug|Any CPU
		{6A65AA9D-128B-4BA0-B2D2-CBD45DA9A84F}.Debug|x64.ActiveCfg = Debug|Any CPU
		{6A65AA9D-128B-4BA0-B2D2-CBD45DA9A84F}.Debug|x64.Build.0 = Debug|Any CPU
		{6A65AA9D-128B-4BA0-B2D2-CBD45DA9A84F}.Debug|x86.ActiveCfg = Debug|Any CPU
		{6A65AA9D-128B-4BA0-B2D2-CBD45DA9A84F}.Debug|x86.Build.0 = Debug|Any CPU
		{6A65AA9D-128B-4BA0-B2D2-CBD45DA9A84F}.Release|Any CPU.ActiveCfg = Release|Any CPU
		{6A65AA9D-128B-4BA0-B2D2-CBD45DA9A84F}.Release|Any CPU.Build.0 = Release|Any CPU
		{6A65AA9D-128B-4BA0-B2D2-CBD45DA9A84F}.Release|x64.ActiveCfg = Release|Any CPU
		{6A65AA9D-128B-4BA0-B2D2-CBD45DA9A84F}.Release|x64.Build.0 = Release|Any CPU
		{6A65AA9D-128B-4BA0-B2D2-CBD45DA9A84F}.Release|x86.ActiveCfg = Release|Any CPU
		{6A65AA9D-128B-4BA0-B2D2-CBD45DA9A84F}.Release|x86.Build.0 = Release|Any CPU
		{EF2B3BC3-B996-4A1C-93BB-B4473EC65430}.Debug|Any CPU.ActiveCfg = Debug|Any CPU
		{EF2B3BC3-B996-4A1C-93BB-B4473EC65430}.Debug|Any CPU.Build.0 = Debug|Any CPU
		{EF2B3BC3-B996-4A1C-93BB-B4473EC65430}.Debug|x64.ActiveCfg = Debug|Any CPU
		{EF2B3BC3-B996-4A1C-93BB-B4473EC65430}.Debug|x64.Build.0 = Debug|Any CPU
		{EF2B3BC3-B996-4A1C-93BB-B4473EC65430}.Debug|x86.ActiveCfg = Debug|Any CPU
		{EF2B3BC3-B996-4A1C-93BB-B4473EC65430}.Debug|x86.Build.0 = Debug|Any CPU
		{EF2B3BC3-B996-4A1C-93BB-B4473EC65430}.Release|Any CPU.ActiveCfg = Release|Any CPU
		{EF2B3BC3-B996-4A1C-93BB-B4473EC65430}.Release|Any CPU.Build.0 = Release|Any CPU
		{EF2B3BC3-B996-4A1C-93BB-B4473EC65430}.Release|x64.ActiveCfg = Release|Any CPU
		{EF2B3BC3-B996-4A1C-93BB-B4473EC65430}.Release|x64.Build.0 = Release|Any CPU
		{EF2B3BC3-B996-4A1C-93BB-B4473EC65430}.Release|x86.ActiveCfg = Release|Any CPU
		{EF2B3BC3-B996-4A1C-93BB-B4473EC65430}.Release|x86.Build.0 = Release|Any CPU
		{7915E2D4-DFC0-4B9A-9B2A-7C751224CA5E}.Debug|Any CPU.ActiveCfg = Debug|Any CPU
		{7915E2D4-DFC0-4B9A-9B2A-7C751224CA5E}.Debug|Any CPU.Build.0 = Debug|Any CPU
		{7915E2D4-DFC0-4B9A-9B2A-7C751224CA5E}.Debug|x64.ActiveCfg = Debug|Any CPU
		{7915E2D4-DFC0-4B9A-9B2A-7C751224CA5E}.Debug|x64.Build.0 = Debug|Any CPU
		{7915E2D4-DFC0-4B9A-9B2A-7C751224CA5E}.Debug|x86.ActiveCfg = Debug|Any CPU
		{7915E2D4-DFC0-4B9A-9B2A-7C751224CA5E}.Debug|x86.Build.0 = Debug|Any CPU
		{7915E2D4-DFC0-4B9A-9B2A-7C751224CA5E}.Release|Any CPU.ActiveCfg = Release|Any CPU
		{7915E2D4-DFC0-4B9A-9B2A-7C751224CA5E}.Release|Any CPU.Build.0 = Release|Any CPU
		{7915E2D4-DFC0-4B9A-9B2A-7C751224CA5E}.Release|x64.ActiveCfg = Release|Any CPU
		{7915E2D4-DFC0-4B9A-9B2A-7C751224CA5E}.Release|x64.Build.0 = Release|Any CPU
		{7915E2D4-DFC0-4B9A-9B2A-7C751224CA5E}.Release|x86.ActiveCfg = Release|Any CPU
		{7915E2D4-DFC0-4B9A-9B2A-7C751224CA5E}.Release|x86.Build.0 = Release|Any CPU
		{EA911B62-4AC2-41EA-B76C-B2BD214F4856}.Debug|Any CPU.ActiveCfg = Debug|Any CPU
		{EA911B62-4AC2-41EA-B76C-B2BD214F4856}.Debug|Any CPU.Build.0 = Debug|Any CPU
		{EA911B62-4AC2-41EA-B76C-B2BD214F4856}.Debug|x64.ActiveCfg = Debug|Any CPU
		{EA911B62-4AC2-41EA-B76C-B2BD214F4856}.Debug|x64.Build.0 = Debug|Any CPU
		{EA911B62-4AC2-41EA-B76C-B2BD214F4856}.Debug|x86.ActiveCfg = Debug|Any CPU
		{EA911B62-4AC2-41EA-B76C-B2BD214F4856}.Debug|x86.Build.0 = Debug|Any CPU
		{EA911B62-4AC2-41EA-B76C-B2BD214F4856}.Release|Any CPU.ActiveCfg = Release|Any CPU
		{EA911B62-4AC2-41EA-B76C-B2BD214F4856}.Release|Any CPU.Build.0 = Release|Any CPU
		{EA911B62-4AC2-41EA-B76C-B2BD214F4856}.Release|x64.ActiveCfg = Release|Any CPU
		{EA911B62-4AC2-41EA-B76C-B2BD214F4856}.Release|x64.Build.0 = Release|Any CPU
		{EA911B62-4AC2-41EA-B76C-B2BD214F4856}.Release|x86.ActiveCfg = Release|Any CPU
		{EA911B62-4AC2-41EA-B76C-B2BD214F4856}.Release|x86.Build.0 = Release|Any CPU
		{B909F62D-A078-497F-86B6-B26A0785E317}.Debug|Any CPU.ActiveCfg = Debug|Any CPU
		{B909F62D-A078-497F-86B6-B26A0785E317}.Debug|Any CPU.Build.0 = Debug|Any CPU
		{B909F62D-A078-497F-86B6-B26A0785E317}.Debug|x64.ActiveCfg = Debug|Any CPU
		{B909F62D-A078-497F-86B6-B26A0785E317}.Debug|x64.Build.0 = Debug|Any CPU
		{B909F62D-A078-497F-86B6-B26A0785E317}.Debug|x86.ActiveCfg = Debug|Any CPU
		{B909F62D-A078-497F-86B6-B26A0785E317}.Debug|x86.Build.0 = Debug|Any CPU
		{B909F62D-A078-497F-86B6-B26A0785E317}.Release|Any CPU.ActiveCfg = Release|Any CPU
		{B909F62D-A078-497F-86B6-B26A0785E317}.Release|Any CPU.Build.0 = Release|Any CPU
		{B909F62D-A078-497F-86B6-B26A0785E317}.Release|x64.ActiveCfg = Release|Any CPU
		{B909F62D-A078-497F-86B6-B26A0785E317}.Release|x64.Build.0 = Release|Any CPU
		{B909F62D-A078-497F-86B6-B26A0785E317}.Release|x86.ActiveCfg = Release|Any CPU
		{B909F62D-A078-497F-86B6-B26A0785E317}.Release|x86.Build.0 = Release|Any CPU
		{6B1C7261-491E-4158-955C-1960AC4CA277}.Debug|Any CPU.ActiveCfg = Debug|Any CPU
		{6B1C7261-491E-4158-955C-1960AC4CA277}.Debug|Any CPU.Build.0 = Debug|Any CPU
		{6B1C7261-491E-4158-955C-1960AC4CA277}.Debug|x64.ActiveCfg = Debug|Any CPU
		{6B1C7261-491E-4158-955C-1960AC4CA277}.Debug|x64.Build.0 = Debug|Any CPU
		{6B1C7261-491E-4158-955C-1960AC4CA277}.Debug|x86.ActiveCfg = Debug|Any CPU
		{6B1C7261-491E-4158-955C-1960AC4CA277}.Debug|x86.Build.0 = Debug|Any CPU
		{6B1C7261-491E-4158-955C-1960AC4CA277}.Release|Any CPU.ActiveCfg = Release|Any CPU
		{6B1C7261-491E-4158-955C-1960AC4CA277}.Release|Any CPU.Build.0 = Release|Any CPU
		{6B1C7261-491E-4158-955C-1960AC4CA277}.Release|x64.ActiveCfg = Release|Any CPU
		{6B1C7261-491E-4158-955C-1960AC4CA277}.Release|x64.Build.0 = Release|Any CPU
		{6B1C7261-491E-4158-955C-1960AC4CA277}.Release|x86.ActiveCfg = Release|Any CPU
		{6B1C7261-491E-4158-955C-1960AC4CA277}.Release|x86.Build.0 = Release|Any CPU
	EndGlobalSection
	GlobalSection(NestedProjects) = preSolution
		{FC2BCF0A-5B10-4A3F-9EF3-85EC75BF32B3} = {6CB5D7D6-B95B-43C6-88CA-7790F4AEFBA0}
		{B387F010-9CBF-4CB9-AA8F-BF155FF2ED0E} = {6CB5D7D6-B95B-43C6-88CA-7790F4AEFBA0}
		{A3493661-8AC0-40DE-899F-673A45581F04} = {6CB5D7D6-B95B-43C6-88CA-7790F4AEFBA0}
		{85974F08-D672-4333-AA84-FA2E59F2AD5B} = {6CB5D7D6-B95B-43C6-88CA-7790F4AEFBA0}
		{1C0D3359-0D56-4066-865E-1F5EC5B7A754} = {6CB5D7D6-B95B-43C6-88CA-7790F4AEFBA0}
		{351C0711-EF6F-4F59-8A43-FA896BAACD16} = {6CB5D7D6-B95B-43C6-88CA-7790F4AEFBA0}
		{6A65AA9D-128B-4BA0-B2D2-CBD45DA9A84F} = {6CB5D7D6-B95B-43C6-88CA-7790F4AEFBA0}
		{EF2B3BC3-B996-4A1C-93BB-B4473EC65430} = {2E9AA4FA-76A6-420D-83CD-F884C13F142F}
		{7915E2D4-DFC0-4B9A-9B2A-7C751224CA5E} = {2E9AA4FA-76A6-420D-83CD-F884C13F142F}
		{EA911B62-4AC2-41EA-B76C-B2BD214F4856} = {6CB5D7D6-B95B-43C6-88CA-7790F4AEFBA0}
		{B909F62D-A078-497F-86B6-B26A0785E317} = {6CB5D7D6-B95B-43C6-88CA-7790F4AEFBA0}
		{6B1C7261-491E-4158-955C-1960AC4CA277} = {6CB5D7D6-B95B-43C6-88CA-7790F4AEFBA0}
	EndGlobalSection
EndGlobal
